
Microsoft Visual Studio Solution File, Format Version 12.00
# Visual Studio Version 17
VisualStudioVersion = 17.1.32319.34
MinimumVisualStudioVersion = 10.0.40219.1
Project("{9A19103F-16F7-4668-BE54-9A1E7A4F7556}") = "WebUI.UnitTests", "WebUI.UnitTests\WebUI.UnitTests.csproj", "{86E1694B-D097-4C23-B0B2-B062A527C54B}"
EndProject
Project("{9A19103F-16F7-4668-BE54-9A1E7A4F7556}") = "Domain", "Domain\Domain.csproj", "{13CC0203-B381-474B-AA78-AFAB610FE472}"
EndProject
Project("{9A19103F-16F7-4668-BE54-9A1E7A4F7556}") = "Infrastructure", "Infrastructure\Infrastructure.csproj", "{A1C2E8D2-5A6B-447F-B9CB-2EDB511D9C4D}"
EndProject
Project("{9A19103F-16F7-4668-BE54-9A1E7A4F7556}") = "WebUI", "WebUI\WebUI.csproj", "{2B4AC401-F6E8-4164-A62E-F3ACCB145406}"
EndProject
Global
	GlobalSection(SolutionConfigurationPlatforms) = preSolution
		Debug|Any CPU = Debug|Any CPU
		Release|Any CPU = Release|Any CPU
	EndGlobalSection
	GlobalSection(ProjectConfigurationPlatforms) = postSolution
		{86E1694B-D097-4C23-B0B2-B062A527C54B}.Debug|Any CPU.ActiveCfg = Debug|Any CPU
		{86E1694B-D097-4C23-B0B2-B062A527C54B}.Debug|Any CPU.Build.0 = Debug|Any CPU
		{86E1694B-D097-4C23-B0B2-B062A527C54B}.Release|Any CPU.ActiveCfg = Release|Any CPU
		{86E1694B-D097-4C23-B0B2-B062A527C54B}.Release|Any CPU.Build.0 = Release|Any CPU
		{13CC0203-B381-474B-AA78-AFAB610FE472}.Debug|Any CPU.ActiveCfg = Debug|Any CPU
		{13CC0203-B381-474B-AA78-AFAB610FE472}.Debug|Any CPU.Build.0 = Debug|Any CPU
		{13CC0203-B381-474B-AA78-AFAB610FE472}.Release|Any CPU.ActiveCfg = Release|Any CPU
		{13CC0203-B381-474B-AA78-AFAB610FE472}.Release|Any CPU.Build.0 = Release|Any CPU
		{A1C2E8D2-5A6B-447F-B9CB-2EDB511D9C4D}.Debug|Any CPU.ActiveCfg = Debug|Any CPU
		{A1C2E8D2-5A6B-447F-B9CB-2EDB511D9C4D}.Debug|Any CPU.Build.0 = Debug|Any CPU
		{A1C2E8D2-5A6B-447F-B9CB-2EDB511D9C4D}.Release|Any CPU.ActiveCfg = Release|Any CPU
		{A1C2E8D2-5A6B-447F-B9CB-2EDB511D9C4D}.Release|Any CPU.Build.0 = Release|Any CPU
		{2B4AC401-F6E8-4164-A62E-F3ACCB145406}.Debug|Any CPU.ActiveCfg = Debug|Any CPU
		{2B4AC401-F6E8-4164-A62E-F3ACCB145406}.Debug|Any CPU.Build.0 = Debug|Any CPU
		{2B4AC401-F6E8-4164-A62E-F3ACCB145406}.Release|Any CPU.ActiveCfg = Release|Any CPU
		{2B4AC401-F6E8-4164-A62E-F3ACCB145406}.Release|Any CPU.Build.0 = Release|Any CPU
	EndGlobalSection
	GlobalSection(SolutionProperties) = preSolution
		HideSolutionNode = FALSE
	EndGlobalSection
	GlobalSection(ExtensibilityGlobals) = postSolution
		SolutionGuid = {642A4080-511C-4197-97D4-EE2D4BA12E4B}
	EndGlobalSection
EndGlobal
