
Microsoft Visual Studio Solution File, Format Version 12.00
# Visual Studio Version 17
VisualStudioVersion = 17.1.32319.34
MinimumVisualStudioVersion = 10.0.40219.1
Project("{FAE04EC0-301F-11D3-BF4B-00C04F79EFBC}") = "WebUI", "WebUI\WebUI\WebUI.csproj", "{80124365-67E3-4F1F-9C29-799858AF4B31}"
EndProject
Project("{FAE04EC0-301F-11D3-BF4B-00C04F79EFBC}") = "Infrastructure", "Infrastructure\Infrastructure\Infrastructure.csproj", "{EC9DCB49-7E7A-4D13-8B17-7071B848124F}"
EndProject
Project("{FAE04EC0-301F-11D3-BF4B-00C04F79EFBC}") = "Domain", "Domain\Domain\Domain.csproj", "{3787CADF-9117-4D28-BD9C-0C4D79922EB4}"
EndProject
Global
	GlobalSection(SolutionConfigurationPlatforms) = preSolution
		Debug|Any CPU = Debug|Any CPU
		Release|Any CPU = Release|Any CPU
	EndGlobalSection
	GlobalSection(ProjectConfigurationPlatforms) = postSolution
		{80124365-67E3-4F1F-9C29-799858AF4B31}.Debug|Any CPU.ActiveCfg = Debug|Any CPU
		{80124365-67E3-4F1F-9C29-799858AF4B31}.Debug|Any CPU.Build.0 = Debug|Any CPU
		{80124365-67E3-4F1F-9C29-799858AF4B31}.Release|Any CPU.ActiveCfg = Release|Any CPU
		{80124365-67E3-4F1F-9C29-799858AF4B31}.Release|Any CPU.Build.0 = Release|Any CPU
		{EC9DCB49-7E7A-4D13-8B17-7071B848124F}.Debug|Any CPU.ActiveCfg = Debug|Any CPU
		{EC9DCB49-7E7A-4D13-8B17-7071B848124F}.Debug|Any CPU.Build.0 = Debug|Any CPU
		{EC9DCB49-7E7A-4D13-8B17-7071B848124F}.Release|Any CPU.ActiveCfg = Release|Any CPU
		{EC9DCB49-7E7A-4D13-8B17-7071B848124F}.Release|Any CPU.Build.0 = Release|Any CPU
		{3787CADF-9117-4D28-BD9C-0C4D79922EB4}.Debug|Any CPU.ActiveCfg = Debug|Any CPU
		{3787CADF-9117-4D28-BD9C-0C4D79922EB4}.Debug|Any CPU.Build.0 = Debug|Any CPU
		{3787CADF-9117-4D28-BD9C-0C4D79922EB4}.Release|Any CPU.ActiveCfg = Release|Any CPU
		{3787CADF-9117-4D28-BD9C-0C4D79922EB4}.Release|Any CPU.Build.0 = Release|Any CPU
	EndGlobalSection
	GlobalSection(SolutionProperties) = preSolution
		HideSolutionNode = FALSE
	EndGlobalSection
	GlobalSection(ExtensibilityGlobals) = postSolution
		SolutionGuid = {642A4080-511C-4197-97D4-EE2D4BA12E4B}
	EndGlobalSection
EndGlobal
